// !$*UTF8*$!
{
	archiveVersion = 1;
	classes = {
	};
	objectVersion = 50;
	objects = {

/* Begin PBXBuildFile section */
		791386452707713A00FBAE69 /* README.md in Resources */ = {isa = PBXBuildFile; fileRef = 791386442707713A00FBAE69 /* README.md */; };
		791386472707721800FBAE69 /* Simulator Screen Recording - iPhone 12 - 2021-10-01 at 13.37.31.gif in Resources */ = {isa = PBXBuildFile; fileRef = 791386462707721800FBAE69 /* Simulator Screen Recording - iPhone 12 - 2021-10-01 at 13.37.31.gif */; };
		7913864A2707729600FBAE69 /* appRecording.gif in Resources */ = {isa = PBXBuildFile; fileRef = 791386492707729600FBAE69 /* appRecording.gif */; };
		798210AA26EBFE2100EFE2FF /* AppDelegate.swift in Sources */ = {isa = PBXBuildFile; fileRef = 798210A926EBFE2100EFE2FF /* AppDelegate.swift */; };
		798210AC26EBFE2100EFE2FF /* SceneDelegate.swift in Sources */ = {isa = PBXBuildFile; fileRef = 798210AB26EBFE2100EFE2FF /* SceneDelegate.swift */; };
		798210AE26EBFE2100EFE2FF /* ViewController.swift in Sources */ = {isa = PBXBuildFile; fileRef = 798210AD26EBFE2100EFE2FF /* ViewController.swift */; };
		798210B126EBFE2100EFE2FF /* Main.storyboard in Resources */ = {isa = PBXBuildFile; fileRef = 798210AF26EBFE2100EFE2FF /* Main.storyboard */; };
		798210B326EBFE2200EFE2FF /* Assets.xcassets in Resources */ = {isa = PBXBuildFile; fileRef = 798210B226EBFE2200EFE2FF /* Assets.xcassets */; };
		798210B626EBFE2200EFE2FF /* LaunchScreen.storyboard in Resources */ = {isa = PBXBuildFile; fileRef = 798210B426EBFE2200EFE2FF /* LaunchScreen.storyboard */; };
/* End PBXBuildFile section */

/* Begin PBXFileReference section */
		791386442707713A00FBAE69 /* README.md */ = {isa = PBXFileReference; lastKnownFileType = net.daringfireball.markdown; path = README.md; sourceTree = "<group>"; };
		791386462707721800FBAE69 /* Simulator Screen Recording - iPhone 12 - 2021-10-01 at 13.37.31.gif */ = {isa = PBXFileReference; lastKnownFileType = image.gif; name = "Simulator Screen Recording - iPhone 12 - 2021-10-01 at 13.37.31.gif"; path = "../../../../Simulator Screen Recording - iPhone 12 - 2021-10-01 at 13.37.31.gif"; sourceTree = "<group>"; };
		791386492707729600FBAE69 /* appRecording.gif */ = {isa = PBXFileReference; lastKnownFileType = image.gif; path = appRecording.gif; sourceTree = "<group>"; };
		798210A626EBFE2100EFE2FF /* I am Rich.app */ = {isa = PBXFileReference; explicitFileType = wrapper.application; includeInIndex = 0; path = "I am Rich.app"; sourceTree = BUILT_PRODUCTS_DIR; };
		798210A926EBFE2100EFE2FF /* AppDelegate.swift */ = {isa = PBXFileReference; lastKnownFileType = sourcecode.swift; path = AppDelegate.swift; sourceTree = "<group>"; };
		798210AB26EBFE2100EFE2FF /* SceneDelegate.swift */ = {isa = PBXFileReference; lastKnownFileType = sourcecode.swift; path = SceneDelegate.swift; sourceTree = "<group>"; };
		798210AD26EBFE2100EFE2FF /* ViewController.swift */ = {isa = PBXFileReference; lastKnownFileType = sourcecode.swift; path = ViewController.swift; sourceTree = "<group>"; };
		798210B026EBFE2100EFE2FF /* Base */ = {isa = PBXFileReference; lastKnownFileType = file.storyboard; name = Base; path = Base.lproj/Main.storyboard; sourceTree = "<group>"; };
		798210B226EBFE2200EFE2FF /* Assets.xcassets */ = {isa = PBXFileReference; lastKnownFileType = folder.assetcatalog; path = Assets.xcassets; sourceTree = "<group>"; };
		798210B526EBFE2200EFE2FF /* Base */ = {isa = PBXFileReference; lastKnownFileType = file.storyboard; name = Base; path = Base.lproj/LaunchScreen.storyboard; sourceTree = "<group>"; };
		798210B726EBFE2200EFE2FF /* Info.plist */ = {isa = PBXFileReference; lastKnownFileType = text.plist.xml; path = Info.plist; sourceTree = "<group>"; };
/* End PBXFileReference section */

/* Begin PBXFrameworksBuildPhase section */
		798210A326EBFE2100EFE2FF /* Frameworks */ = {
			isa = PBXFrameworksBuildPhase;
			buildActionMask = 2147483647;
			files = (
			);
			runOnlyForDeploymentPostprocessing = 0;
		};
/* End PBXFrameworksBuildPhase section */

/* Begin PBXGroup section */
		7913864B270772EC00FBAE69 /* Readme GIF */ = {
			isa = PBXGroup;
			children = (
				791386492707729600FBAE69 /* appRecording.gif */,
			);
			path = "Readme GIF";
			sourceTree = "<group>";
		};
		7982109D26EBFE2100EFE2FF = {
			isa = PBXGroup;
			children = (
				791386442707713A00FBAE69 /* README.md */,
				798210A826EBFE2100EFE2FF /* I am Rich */,
				798210A726EBFE2100EFE2FF /* Products */,
			);
			sourceTree = "<group>";
		};
		798210A726EBFE2100EFE2FF /* Products */ = {
			isa = PBXGroup;
			children = (
				798210A626EBFE2100EFE2FF /* I am Rich.app */,
			);
			name = Products;
			sourceTree = "<group>";
		};
		798210A826EBFE2100EFE2FF /* I am Rich */ = {
			isa = PBXGroup;
			children = (
				7913864B270772EC00FBAE69 /* Readme GIF */,
				798210A926EBFE2100EFE2FF /* AppDelegate.swift */,
				798210AB26EBFE2100EFE2FF /* SceneDelegate.swift */,
				798210AD26EBFE2100EFE2FF /* ViewController.swift */,
				798210AF26EBFE2100EFE2FF /* Main.storyboard */,
				798210B226EBFE2200EFE2FF /* Assets.xcassets */,
				798210B426EBFE2200EFE2FF /* LaunchScreen.storyboard */,
				798210B726EBFE2200EFE2FF /* Info.plist */,
				791386462707721800FBAE69 /* Simulator Screen Recording - iPhone 12 - 2021-10-01 at 13.37.31.gif */,
			);
			path = "I am Rich";
			sourceTree = "<group>";
		};
/* End PBXGroup section */

/* Begin PBXNativeTarget section */
		798210A526EBFE2100EFE2FF /* I am Rich */ = {
			isa = PBXNativeTarget;
			buildConfigurationList = 798210BA26EBFE2200EFE2FF /* Build configuration list for PBXNativeTarget "I am Rich" */;
			buildPhases = (
				798210A226EBFE2100EFE2FF /* Sources */,
				798210A326EBFE2100EFE2FF /* Frameworks */,
				798210A426EBFE2100EFE2FF /* Resources */,
			);
			buildRules = (
			);
			dependencies = (
			);
			name = "I am Rich";
			productName = "I am Rich";
			productReference = 798210A626EBFE2100EFE2FF /* I am Rich.app */;
			productType = "com.apple.product-type.application";
		};
/* End PBXNativeTarget section */

/* Begin PBXProject section */
		7982109E26EBFE2100EFE2FF /* Project object */ = {
			isa = PBXProject;
			attributes = {
				LastSwiftUpdateCheck = 1250;
				LastUpgradeCheck = 1250;
				TargetAttributes = {
					798210A526EBFE2100EFE2FF = {
						CreatedOnToolsVersion = 12.5.1;
					};
				};
			};
			buildConfigurationList = 798210A126EBFE2100EFE2FF /* Build configuration list for PBXProject "I am Rich" */;
			compatibilityVersion = "Xcode 9.3";
			developmentRegion = en;
			hasScannedForEncodings = 0;
			knownRegions = (
				en,
				Base,
			);
			mainGroup = 7982109D26EBFE2100EFE2FF;
			productRefGroup = 798210A726EBFE2100EFE2FF /* Products */;
			projectDirPath = "";
			projectRoot = "";
			targets = (
				798210A526EBFE2100EFE2FF /* I am Rich */,
			);
		};
/* End PBXProject section */

/* Begin PBXResourcesBuildPhase section */
		798210A426EBFE2100EFE2FF /* Resources */ = {
			isa = PBXResourcesBuildPhase;
			buildActionMask = 2147483647;
			files = (
				791386472707721800FBAE69 /* Simulator Screen Recording - iPhone 12 - 2021-10-01 at 13.37.31.gif in Resources */,
				798210B626EBFE2200EFE2FF /* LaunchScreen.storyboard in Resources */,
				7913864A2707729600FBAE69 /* appRecording.gif in Resources */,
				798210B326EBFE2200EFE2FF /* Assets.xcassets in Resources */,
				791386452707713A00FBAE69 /* README.md in Resources */,
				798210B126EBFE2100EFE2FF /* Main.storyboard in Resources */,
			);
			runOnlyForDeploymentPostprocessing = 0;
		};
/* End PBXResourcesBuildPhase section */

/* Begin PBXSourcesBuildPhase section */
		798210A226EBFE2100EFE2FF /* Sources */ = {
			isa = PBXSourcesBuildPhase;
			buildActionMask = 2147483647;
			files = (
				798210AE26EBFE2100EFE2FF /* ViewController.swift in Sources */,
				798210AA26EBFE2100EFE2FF /* AppDelegate.swift in Sources */,
				798210AC26EBFE2100EFE2FF /* SceneDelegate.swift in Sources */,
			);
			runOnlyForDeploymentPostprocessing = 0;
		};
/* End PBXSourcesBuildPhase section */

/* Begin PBXVariantGroup section */
		798210AF26EBFE2100EFE2FF /* Main.storyboard */ = {
			isa = PBXVariantGroup;
			children = (
				798210B026EBFE2100EFE2FF /* Base */,
			);
			name = Main.storyboard;
			sourceTree = "<group>";
		};
		798210B426EBFE2200EFE2FF /* LaunchScreen.storyboard */ = {
			isa = PBXVariantGroup;
			children = (
				798210B526EBFE2200EFE2FF /* Base */,
			);
			name = LaunchScreen.storyboard;
			sourceTree = "<group>";
		};
/* End PBXVariantGroup section */

/* Begin XCBuildConfiguration section */
		798210B826EBFE2200EFE2FF /* Debug */ = {
			isa = XCBuildConfiguration;
			buildSettings = {
				ALWAYS_SEARCH_USER_PATHS = NO;
				CLANG_ANALYZER_NONNULL = YES;
				CLANG_ANALYZER_NUMBER_OBJECT_CONVERSION = YES_AGGRESSIVE;
				CLANG_CXX_LANGUAGE_STANDARD = "gnu++14";
				CLANG_CXX_LIBRARY = "libc++";
				CLANG_ENABLE_MODULES = YES;
				CLANG_ENABLE_OBJC_ARC = YES;
				CLANG_ENABLE_OBJC_WEAK = YES;
				CLANG_WARN_BLOCK_CAPTURE_AUTORELEASING = YES;
				CLANG_WARN_BOOL_CONVERSION = YES;
				CLANG_WARN_COMMA = YES;
				CLANG_WARN_CONSTANT_CONVERSION = YES;
				CLANG_WARN_DEPRECATED_OBJC_IMPLEMENTATIONS = YES;
				CLANG_WARN_DIRECT_OBJC_ISA_USAGE = YES_ERROR;
				CLANG_WARN_DOCUMENTATION_COMMENTS = YES;
				CLANG_WARN_EMPTY_BODY = YES;
				CLANG_WARN_ENUM_CONVERSION = YES;
				CLANG_WARN_INFINITE_RECURSION = YES;
				CLANG_WARN_INT_CONVERSION = YES;
				CLANG_WARN_NON_LITERAL_NULL_CONVERSION = YES;
				CLANG_WARN_OBJC_IMPLICIT_RETAIN_SELF = YES;
				CLANG_WARN_OBJC_LITERAL_CONVERSION = YES;
				CLANG_WARN_OBJC_ROOT_CLASS = YES_ERROR;
				CLANG_WARN_QUOTED_INCLUDE_IN_FRAMEWORK_HEADER = YES;
				CLANG_WARN_RANGE_LOOP_ANALYSIS = YES;
				CLANG_WARN_STRICT_PROTOTYPES = YES;
				CLANG_WARN_SUSPICIOUS_MOVE = YES;
				CLANG_WARN_UNGUARDED_AVAILABILITY = YES_AGGRESSIVE;
				CLANG_WARN_UNREACHABLE_CODE = YES;
				CLANG_WARN__DUPLICATE_METHOD_MATCH = YES;
				COPY_PHASE_STRIP = NO;
				DEBUG_INFORMATION_FORMAT = dwarf;
				ENABLE_STRICT_OBJC_MSGSEND = YES;
				ENABLE_TESTABILITY = YES;
				GCC_C_LANGUAGE_STANDARD = gnu11;
				GCC_DYNAMIC_NO_PIC = NO;
				GCC_NO_COMMON_BLOCKS = YES;
				GCC_OPTIMIZATION_LEVEL = 0;
				GCC_PREPROCESSOR_DEFINITIONS = (
					"DEBUG=1",
					"$(inherited)",
				);
				GCC_WARN_64_TO_32_BIT_CONVERSION = YES;
				GCC_WARN_ABOUT_RETURN_TYPE = YES_ERROR;
				GCC_WARN_UNDECLARED_SELECTOR = YES;
				GCC_WARN_UNINITIALIZED_AUTOS = YES_AGGRESSIVE;
				GCC_WARN_UNUSED_FUNCTION = YES;
				GCC_WARN_UNUSED_VARIABLE = YES;
				IPHONEOS_DEPLOYMENT_TARGET = 14.5;
				MTL_ENABLE_DEBUG_INFO = INCLUDE_SOURCE;
				MTL_FAST_MATH = YES;
				ONLY_ACTIVE_ARCH = YES;
				SDKROOT = iphoneos;
				SWIFT_ACTIVE_COMPILATION_CONDITIONS = DEBUG;
				SWIFT_OPTIMIZATION_LEVEL = "-Onone";
			};
			name = Debug;
		};
		798210B926EBFE2200EFE2FF /* Release */ = {
			isa = XCBuildConfiguration;
			buildSettings = {
				ALWAYS_SEARCH_USER_PATHS = NO;
				CLANG_ANALYZER_NONNULL = YES;
				CLANG_ANALYZER_NUMBER_OBJECT_CONVERSION = YES_AGGRESSIVE;
				CLANG_CXX_LANGUAGE_STANDARD = "gnu++14";
				CLANG_CXX_LIBRARY = "libc++";
				CLANG_ENABLE_MODULES = YES;
				CLANG_ENABLE_OBJC_ARC = YES;
				CLANG_ENABLE_OBJC_WEAK = YES;
				CLANG_WARN_BLOCK_CAPTURE_AUTORELEASING = YES;
				CLANG_WARN_BOOL_CONVERSION = YES;
				CLANG_WARN_COMMA = YES;
				CLANG_WARN_CONSTANT_CONVERSION = YES;
				CLANG_WARN_DEPRECATED_OBJC_IMPLEMENTATIONS = YES;
				CLANG_WARN_DIRECT_OBJC_ISA_USAGE = YES_ERROR;
				CLANG_WARN_DOCUMENTATION_COMMENTS = YES;
				CLANG_WARN_EMPTY_BODY = YES;
				CLANG_WARN_ENUM_CONVERSION = YES;
				CLANG_WARN_INFINITE_RECURSION = YES;
				CLANG_WARN_INT_CONVERSION = YES;
				CLANG_WARN_NON_LITERAL_NULL_CONVERSION = YES;
				CLANG_WARN_OBJC_IMPLICIT_RETAIN_SELF = YES;
				CLANG_WARN_OBJC_LITERAL_CONVERSION = YES;
				CLANG_WARN_OBJC_ROOT_CLASS = YES_ERROR;
				CLANG_WARN_QUOTED_INCLUDE_IN_FRAMEWORK_HEADER = YES;
				CLANG_WARN_RANGE_LOOP_ANALYSIS = YES;
				CLANG_WARN_STRICT_PROTOTYPES = YES;
				CLANG_WARN_SUSPICIOUS_MOVE = YES;
				CLANG_WARN_UNGUARDED_AVAILABILITY = YES_AGGRESSIVE;
				CLANG_WARN_UNREACHABLE_CODE = YES;
				CLANG_WARN__DUPLICATE_METHOD_MATCH = YES;
				COPY_PHASE_STRIP = NO;
				DEBUG_INFORMATION_FORMAT = "dwarf-with-dsym";
				ENABLE_NS_ASSERTIONS = NO;
				ENABLE_STRICT_OBJC_MSGSEND = YES;
				GCC_C_LANGUAGE_STANDARD = gnu11;
				GCC_NO_COMMON_BLOCKS = YES;
				GCC_WARN_64_TO_32_BIT_CONVERSION = YES;
				GCC_WARN_ABOUT_RETURN_TYPE = YES_ERROR;
				GCC_WARN_UNDECLARED_SELECTOR = YES;
				GCC_WARN_UNINITIALIZED_AUTOS = YES_AGGRESSIVE;
				GCC_WARN_UNUSED_FUNCTION = YES;
				GCC_WARN_UNUSED_VARIABLE = YES;
				IPHONEOS_DEPLOYMENT_TARGET = 14.5;
				MTL_ENABLE_DEBUG_INFO = NO;
				MTL_FAST_MATH = YES;
				SDKROOT = iphoneos;
				SWIFT_COMPILATION_MODE = wholemodule;
				SWIFT_OPTIMIZATION_LEVEL = "-O";
				VALIDATE_PRODUCT = YES;
			};
			name = Release;
		};
		798210BB26EBFE2200EFE2FF /* Debug */ = {
			isa = XCBuildConfiguration;
			buildSettings = {
				ASSETCATALOG_COMPILER_APPICON_NAME = AppIcon;
				ASSETCATALOG_COMPILER_GLOBAL_ACCENT_COLOR_NAME = AccentColor;
				CODE_SIGN_STYLE = Automatic;
				DEVELOPMENT_TEAM = QNHX86K7F4;
				INFOPLIST_FILE = "I am Rich/Info.plist";
				IPHONEOS_DEPLOYMENT_TARGET = 13.0;
				LD_RUNPATH_SEARCH_PATHS = (
					"$(inherited)",
					"@executable_path/Frameworks",
				);
				PRODUCT_BUNDLE_IDENTIFIER = "com.victor.I-am-Rich";
				PRODUCT_NAME = "$(TARGET_NAME)";
				SWIFT_VERSION = 5.0;
				TARGETED_DEVICE_FAMILY = "1,2";
			};
			name = Debug;
		};
		798210BC26EBFE2200EFE2FF /* Release */ = {
			isa = XCBuildConfiguration;
			buildSettings = {
				ASSETCATALOG_COMPILER_APPICON_NAME = AppIcon;
				ASSETCATALOG_COMPILER_GLOBAL_ACCENT_COLOR_NAME = AccentColor;
				CODE_SIGN_STYLE = Automatic;
				DEVELOPMENT_TEAM = QNHX86K7F4;
				INFOPLIST_FILE = "I am Rich/Info.plist";
				IPHONEOS_DEPLOYMENT_TARGET = 13.0;
				LD_RUNPATH_SEARCH_PATHS = (
					"$(inherited)",
					"@executable_path/Frameworks",
				);
				PRODUCT_BUNDLE_IDENTIFIER = "com.victor.I-am-Rich";
				PRODUCT_NAME = "$(TARGET_NAME)";
				SWIFT_VERSION = 5.0;
				TARGETED_DEVICE_FAMILY = "1,2";
			};
			name = Release;
		};
/* End XCBuildConfiguration section */

/* Begin XCConfigurationList section */
		798210A126EBFE2100EFE2FF /* Build configuration list for PBXProject "I am Rich" */ = {
			isa = XCConfigurationList;
			buildConfigurations = (
				798210B826EBFE2200EFE2FF /* Debug */,
				798210B926EBFE2200EFE2FF /* Release */,
			);
			defaultConfigurationIsVisible = 0;
			defaultConfigurationName = Release;
		};
		798210BA26EBFE2200EFE2FF /* Build configuration list for PBXNativeTarget "I am Rich" */ = {
			isa = XCConfigurationList;
			buildConfigurations = (
				798210BB26EBFE2200EFE2FF /* Debug */,
				798210BC26EBFE2200EFE2FF /* Release */,
			);
			defaultConfigurationIsVisible = 0;
			defaultConfigurationName = Release;
		};
/* End XCConfigurationList section */
	};
	rootObject = 7982109E26EBFE2100EFE2FF /* Project object */;
}
